
Microsoft Visual Studio Solution File, Format Version 12.00
# Visual Studio Version 16
VisualStudioVersion = 16.0.32002.261
MinimumVisualStudioVersion = 10.0.40219.1
Project("{FAE04EC0-301F-11D3-BF4B-00C04F79EFBC}") = "RegistrationMicroservice", "RegistrationMicroservice\RegistrationMicroservice.csproj", "{14E06454-2355-4F97-BC1A-7F5F67653DCF}"
EndProject
Global
	GlobalSection(SolutionConfigurationPlatforms) = preSolution
		Debug|Any CPU = Debug|Any CPU
		Release|Any CPU = Release|Any CPU
	EndGlobalSection
	GlobalSection(ProjectConfigurationPlatforms) = postSolution
		{14E06454-2355-4F97-BC1A-7F5F67653DCF}.Debug|Any CPU.ActiveCfg = Debug|Any CPU
		{14E06454-2355-4F97-BC1A-7F5F67653DCF}.Debug|Any CPU.Build.0 = Debug|Any CPU
		{14E06454-2355-4F97-BC1A-7F5F67653DCF}.Release|Any CPU.ActiveCfg = Release|Any CPU
		{14E06454-2355-4F97-BC1A-7F5F67653DCF}.Release|Any CPU.Build.0 = Release|Any CPU
	EndGlobalSection
	GlobalSection(SolutionProperties) = preSolution
		HideSolutionNode = FALSE
	EndGlobalSection
	GlobalSection(ExtensibilityGlobals) = postSolution
		SolutionGuid = {C8E3111A-071A-43D0-A2C1-0007ED011834}
	EndGlobalSection
EndGlobal
