
Microsoft Visual Studio Solution File, Format Version 12.00
# Visual Studio Version 16
VisualStudioVersion = 16.0.32002.261
MinimumVisualStudioVersion = 10.0.40219.1
Project("{FAE04EC0-301F-11D3-BF4B-00C04F79EFBC}") = "PlotMicroservice", "PlotMicroservice\PlotMicroservice.csproj", "{98F7D276-A363-4641-AC99-82005E6A661D}"
EndProject
Global
	GlobalSection(SolutionConfigurationPlatforms) = preSolution
		Debug|Any CPU = Debug|Any CPU
		Release|Any CPU = Release|Any CPU
	EndGlobalSection
	GlobalSection(ProjectConfigurationPlatforms) = postSolution
		{98F7D276-A363-4641-AC99-82005E6A661D}.Debug|Any CPU.ActiveCfg = Debug|Any CPU
		{98F7D276-A363-4641-AC99-82005E6A661D}.Debug|Any CPU.Build.0 = Debug|Any CPU
		{98F7D276-A363-4641-AC99-82005E6A661D}.Release|Any CPU.ActiveCfg = Release|Any CPU
		{98F7D276-A363-4641-AC99-82005E6A661D}.Release|Any CPU.Build.0 = Release|Any CPU
	EndGlobalSection
	GlobalSection(SolutionProperties) = preSolution
		HideSolutionNode = FALSE
	EndGlobalSection
	GlobalSection(ExtensibilityGlobals) = postSolution
		SolutionGuid = {77021DA8-9958-4EC8-9299-C0143D189E35}
	EndGlobalSection
EndGlobal
