
Microsoft Visual Studio Solution File, Format Version 12.00
# Visual Studio Version 16
VisualStudioVersion = 16.0.31729.503
MinimumVisualStudioVersion = 10.0.40219.1
Project("{FAE04EC0-301F-11D3-BF4B-00C04F79EFBC}") = "LoggerService", "LoggerService\LoggerService.csproj", "{AFFB0352-DEA6-4EDD-87FD-CB25FDB5B694}"
EndProject
Global
	GlobalSection(SolutionConfigurationPlatforms) = preSolution
		Debug|Any CPU = Debug|Any CPU
		Release|Any CPU = Release|Any CPU
	EndGlobalSection
	GlobalSection(ProjectConfigurationPlatforms) = postSolution
		{AFFB0352-DEA6-4EDD-87FD-CB25FDB5B694}.Debug|Any CPU.ActiveCfg = Debug|Any CPU
		{AFFB0352-DEA6-4EDD-87FD-CB25FDB5B694}.Debug|Any CPU.Build.0 = Debug|Any CPU
		{AFFB0352-DEA6-4EDD-87FD-CB25FDB5B694}.Release|Any CPU.ActiveCfg = Release|Any CPU
		{AFFB0352-DEA6-4EDD-87FD-CB25FDB5B694}.Release|Any CPU.Build.0 = Release|Any CPU
	EndGlobalSection
	GlobalSection(SolutionProperties) = preSolution
		HideSolutionNode = FALSE
	EndGlobalSection
	GlobalSection(ExtensibilityGlobals) = postSolution
		SolutionGuid = {50A082C1-3CCA-4603-9BAB-4176451616D2}
	EndGlobalSection
EndGlobal
